
Microsoft Visual Studio Solution File, Format Version 12.00
# Visual Studio 14
VisualStudioVersion = 14.0.23107.0
MinimumVisualStudioVersion = 10.0.40219.1
Project("{FAE04EC0-301F-11D3-BF4B-00C04F79EFBC}") = "Netfox.Repository", "Netfox.Repository\Netfox.Repository.csproj", "{61DB8716-DFF2-42E8-BD90-856ABC7E9518}"
EndProject
Project("{FAE04EC0-301F-11D3-BF4B-00C04F79EFBC}") = "Netfox.Repository.Tests", "Netfox.Repository.Tests\Netfox.Repository.Tests.csproj", "{31FAC133-A32A-4AC1-8EF3-E42DF8EE765E}"
EndProject
Project("{FAE04EC0-301F-11D3-BF4B-00C04F79EFBC}") = "Netfox.Repository.Demo", "Netfox.Repository.Demo\Netfox.Repository.Demo.csproj", "{F841A6BB-FA17-4324-BB1E-3CCA2FCC57BD}"
EndProject
Global
	GlobalSection(SolutionConfigurationPlatforms) = preSolution
		Debug|Any CPU = Debug|Any CPU
		Release|Any CPU = Release|Any CPU
	EndGlobalSection
	GlobalSection(ProjectConfigurationPlatforms) = postSolution
		{61DB8716-DFF2-42E8-BD90-856ABC7E9518}.Debug|Any CPU.ActiveCfg = Debug|Any CPU
		{61DB8716-DFF2-42E8-BD90-856ABC7E9518}.Debug|Any CPU.Build.0 = Debug|Any CPU
		{61DB8716-DFF2-42E8-BD90-856ABC7E9518}.Release|Any CPU.ActiveCfg = Release|Any CPU
		{61DB8716-DFF2-42E8-BD90-856ABC7E9518}.Release|Any CPU.Build.0 = Release|Any CPU
		{31FAC133-A32A-4AC1-8EF3-E42DF8EE765E}.Debug|Any CPU.ActiveCfg = Debug|Any CPU
		{31FAC133-A32A-4AC1-8EF3-E42DF8EE765E}.Debug|Any CPU.Build.0 = Debug|Any CPU
		{31FAC133-A32A-4AC1-8EF3-E42DF8EE765E}.Release|Any CPU.ActiveCfg = Release|Any CPU
		{31FAC133-A32A-4AC1-8EF3-E42DF8EE765E}.Release|Any CPU.Build.0 = Release|Any CPU
		{F841A6BB-FA17-4324-BB1E-3CCA2FCC57BD}.Debug|Any CPU.ActiveCfg = Debug|Any CPU
		{F841A6BB-FA17-4324-BB1E-3CCA2FCC57BD}.Debug|Any CPU.Build.0 = Debug|Any CPU
		{F841A6BB-FA17-4324-BB1E-3CCA2FCC57BD}.Release|Any CPU.ActiveCfg = Release|Any CPU
		{F841A6BB-FA17-4324-BB1E-3CCA2FCC57BD}.Release|Any CPU.Build.0 = Release|Any CPU
	EndGlobalSection
	GlobalSection(SolutionProperties) = preSolution
		HideSolutionNode = FALSE
	EndGlobalSection
EndGlobal
